
Microsoft Visual Studio Solution File, Format Version 12.00
# Visual Studio Version 16
VisualStudioVersion = 16.0.30804.86
MinimumVisualStudioVersion = 10.0.40219.1
Project("{FAE04EC0-301F-11D3-BF4B-00C04F79EFBC}") = "BombSquad Win Downloader", "BombSquad Win Downloader.csproj", "{9F05DB35-7A21-43FE-8D61-DCF2F6F859FA}"
EndProject
Global
	GlobalSection(SolutionConfigurationPlatforms) = preSolution
		Debug|Any CPU = Debug|Any CPU
		Release|Any CPU = Release|Any CPU
	EndGlobalSection
	GlobalSection(ProjectConfigurationPlatforms) = postSolution
		{9F05DB35-7A21-43FE-8D61-DCF2F6F859FA}.Debug|Any CPU.ActiveCfg = Debug|Any CPU
		{9F05DB35-7A21-43FE-8D61-DCF2F6F859FA}.Debug|Any CPU.Build.0 = Debug|Any CPU
		{9F05DB35-7A21-43FE-8D61-DCF2F6F859FA}.Release|Any CPU.ActiveCfg = Release|Any CPU
		{9F05DB35-7A21-43FE-8D61-DCF2F6F859FA}.Release|Any CPU.Build.0 = Release|Any CPU
	EndGlobalSection
	GlobalSection(SolutionProperties) = preSolution
		HideSolutionNode = FALSE
	EndGlobalSection
	GlobalSection(ExtensibilityGlobals) = postSolution
		SolutionGuid = {29EF6CE2-A6D4-4AF0-B0CD-8BEEEDAEB37C}
	EndGlobalSection
EndGlobal
